
Microsoft Visual Studio Solution File, Format Version 12.00
# Visual Studio Version 16
VisualStudioVersion = 16.0.29123.88
MinimumVisualStudioVersion = 10.0.40219.1
Project("{9A19103F-16F7-4668-BE54-9A1E7A4F7556}") = "TopDownShooter", "TopDownShooter.csproj", "{A46630E9-3D53-41FB-898B-5C6D3D736AC2}"
EndProject
Project("{FAE04EC0-301F-11D3-BF4B-00C04F79EFBC}") = "TopDownShooter.Tests", "TopDownShooter.Tests\TopDownShooter.Tests.csproj", "{7DBDC354-9699-4E7A-969B-9A07C31E3E92}"
EndProject
Global
	GlobalSection(SolutionConfigurationPlatforms) = preSolution
		Debug|Any CPU = Debug|Any CPU
		Release|Any CPU = Release|Any CPU
	EndGlobalSection
	GlobalSection(ProjectConfigurationPlatforms) = postSolution
		{A46630E9-3D53-41FB-898B-5C6D3D736AC2}.Debug|Any CPU.ActiveCfg = Debug|Any CPU
		{A46630E9-3D53-41FB-898B-5C6D3D736AC2}.Debug|Any CPU.Build.0 = Debug|Any CPU
		{A46630E9-3D53-41FB-898B-5C6D3D736AC2}.Release|Any CPU.ActiveCfg = Release|Any CPU
		{A46630E9-3D53-41FB-898B-5C6D3D736AC2}.Release|Any CPU.Build.0 = Release|Any CPU
		{7DBDC354-9699-4E7A-969B-9A07C31E3E92}.Debug|Any CPU.ActiveCfg = Debug|Any CPU
		{7DBDC354-9699-4E7A-969B-9A07C31E3E92}.Debug|Any CPU.Build.0 = Debug|Any CPU
		{7DBDC354-9699-4E7A-969B-9A07C31E3E92}.Release|Any CPU.ActiveCfg = Release|Any CPU
		{7DBDC354-9699-4E7A-969B-9A07C31E3E92}.Release|Any CPU.Build.0 = Release|Any CPU
	EndGlobalSection
	GlobalSection(SolutionProperties) = preSolution
		HideSolutionNode = FALSE
	EndGlobalSection
	GlobalSection(ExtensibilityGlobals) = postSolution
		SolutionGuid = {E7EDAB5F-DE03-4188-9C2C-94E0A245E0DE}
	EndGlobalSection
EndGlobal
